
Microsoft Visual Studio Solution File, Format Version 12.00
# Visual Studio Version 17
VisualStudioVersion = 17.1.32421.90
MinimumVisualStudioVersion = 10.0.40219.1
Project("{FAE04EC0-301F-11D3-BF4B-00C04F79EFBC}") = "Lesson.3.lecture", "Lesson.3.lecture\Lesson.3.lecture.csproj", "{61153146-58D5-4FA3-9BA6-31EC915EE1BE}"
EndProject
Global
	GlobalSection(SolutionConfigurationPlatforms) = preSolution
		Debug|Any CPU = Debug|Any CPU
		Release|Any CPU = Release|Any CPU
	EndGlobalSection
	GlobalSection(ProjectConfigurationPlatforms) = postSolution
		{61153146-58D5-4FA3-9BA6-31EC915EE1BE}.Debug|Any CPU.ActiveCfg = Debug|Any CPU
		{61153146-58D5-4FA3-9BA6-31EC915EE1BE}.Debug|Any CPU.Build.0 = Debug|Any CPU
		{61153146-58D5-4FA3-9BA6-31EC915EE1BE}.Release|Any CPU.ActiveCfg = Release|Any CPU
		{61153146-58D5-4FA3-9BA6-31EC915EE1BE}.Release|Any CPU.Build.0 = Release|Any CPU
	EndGlobalSection
	GlobalSection(SolutionProperties) = preSolution
		HideSolutionNode = FALSE
	EndGlobalSection
	GlobalSection(ExtensibilityGlobals) = postSolution
		SolutionGuid = {B153A1EA-9367-457F-A280-83DBB4ED6339}
	EndGlobalSection
EndGlobal
