Microsoft Visual Studio Solution File, Format Version 12.00
# Visual Studio Version 17
VisualStudioVersion = 17.1.32421.90
MinimumVisualStudioVersion = 10.0.40219.1
Project("{FAE04EC0-301F-11D3-BF4B-00C04F79EFBC}") = "Lesson.3.Task.1", "Lesson.3.Task.1\Lesson.3.Task.1.csproj", "{0CC196BD-6480-4858-9F27-BB99DDC58E86}"
EndProject
Project("{FAE04EC0-301F-11D3-BF4B-00C04F79EFBC}") = "Lesson.2.Task.4", "Lesson.2.Task.4\Lesson.2.Task.4.csproj", "{A8C6C021-C5CA-4F39-A36E-3444E702DC43}"
EndProject
Project("{FAE04EC0-301F-11D3-BF4B-00C04F79EFBC}") = "Lesson.3.lecture", "Lesson.3.lecture\Lesson.3.lecture.csproj", "{7381F791-DC31-47A5-9276-871DECB8C3C3}"
EndProject
Project("{9A19103F-16F7-4668-BE54-9A1E7A4F7556}") = "Lesson.2.Task.3", "Lesson.2.Task.3\Lesson.2.Task.3.csproj", "{3C19C0FD-4215-43E5-B05A-E16AB67D3C7F}"
EndProject
Project("{9A19103F-16F7-4668-BE54-9A1E7A4F7556}") = "Lesson.2.Task.2", "Lesson.2.Task.2\Lesson.2.Task.2.csproj", "{2ADAEF06-FC72-481B-87D1-705E3A26A2CE}"
EndProject
Project("{9A19103F-16F7-4668-BE54-9A1E7A4F7556}") = "Lesson.2.Task.1", "Lesson.2.Task.1\Lesson.2.Task.1.csproj", "{F6263DE4-9CF5-4AE5-8AD7-2F68AE455F01}"
EndProject
Project("{9A19103F-16F7-4668-BE54-9A1E7A4F7556}") = "Lesson.1.Task.1", "Lesson.1.Task.1\Lesson.1.Task.1.csproj", "{E9D02F1D-3D5C-4137-8356-BCD70E1BF438}"
EndProject
Global
	GlobalSection(SolutionConfigurationPlatforms) = preSolution
		Debug|Any CPU = Debug|Any CPU
		Release|Any CPU = Release|Any CPU
	EndGlobalSection
	GlobalSection(ProjectConfigurationPlatforms) = postSolution
		{0CC196BD-6480-4858-9F27-BB99DDC58E86}.Debug|Any CPU.ActiveCfg = Debug|Any CPU
		{0CC196BD-6480-4858-9F27-BB99DDC58E86}.Debug|Any CPU.Build.0 = Debug|Any CPU
		{0CC196BD-6480-4858-9F27-BB99DDC58E86}.Release|Any CPU.ActiveCfg = Release|Any CPU
		{0CC196BD-6480-4858-9F27-BB99DDC58E86}.Release|Any CPU.Build.0 = Release|Any CPU
		{37312666-42C4-49E0-A4E4-997DA093DB42}.Debug|Any CPU.ActiveCfg = Debug|Any CPU
		{37312666-42C4-49E0-A4E4-997DA093DB42}.Debug|Any CPU.Build.0 = Debug|Any CPU
		{37312666-42C4-49E0-A4E4-997DA093DB42}.Release|Any CPU.ActiveCfg = Release|Any CPU
		{37312666-42C4-49E0-A4E4-997DA093DB42}.Release|Any CPU.Build.0 = Release|Any CPU
		{A8C6C021-C5CA-4F39-A36E-3444E702DC43}.Debug|Any CPU.ActiveCfg = Debug|Any CPU
		{A8C6C021-C5CA-4F39-A36E-3444E702DC43}.Debug|Any CPU.Build.0 = Debug|Any CPU
		{A8C6C021-C5CA-4F39-A36E-3444E702DC43}.Release|Any CPU.ActiveCfg = Release|Any CPU
		{A8C6C021-C5CA-4F39-A36E-3444E702DC43}.Release|Any CPU.Build.0 = Release|Any CPU
		{7381F791-DC31-47A5-9276-871DECB8C3C3}.Debug|Any CPU.ActiveCfg = Debug|Any CPU
		{7381F791-DC31-47A5-9276-871DECB8C3C3}.Debug|Any CPU.Build.0 = Debug|Any CPU
		{7381F791-DC31-47A5-9276-871DECB8C3C3}.Release|Any CPU.ActiveCfg = Release|Any CPU
		{7381F791-DC31-47A5-9276-871DECB8C3C3}.Release|Any CPU.Build.0 = Release|Any CPU
		{3C19C0FD-4215-43E5-B05A-E16AB67D3C7F}.Debug|Any CPU.ActiveCfg = Debug|Any CPU
		{3C19C0FD-4215-43E5-B05A-E16AB67D3C7F}.Debug|Any CPU.Build.0 = Debug|Any CPU
		{3C19C0FD-4215-43E5-B05A-E16AB67D3C7F}.Release|Any CPU.ActiveCfg = Release|Any CPU
		{3C19C0FD-4215-43E5-B05A-E16AB67D3C7F}.Release|Any CPU.Build.0 = Release|Any CPU
		{2ADAEF06-FC72-481B-87D1-705E3A26A2CE}.Debug|Any CPU.ActiveCfg = Debug|Any CPU
		{2ADAEF06-FC72-481B-87D1-705E3A26A2CE}.Debug|Any CPU.Build.0 = Debug|Any CPU
		{2ADAEF06-FC72-481B-87D1-705E3A26A2CE}.Release|Any CPU.ActiveCfg = Release|Any CPU
		{2ADAEF06-FC72-481B-87D1-705E3A26A2CE}.Release|Any CPU.Build.0 = Release|Any CPU
		{F6263DE4-9CF5-4AE5-8AD7-2F68AE455F01}.Debug|Any CPU.ActiveCfg = Debug|Any CPU
		{F6263DE4-9CF5-4AE5-8AD7-2F68AE455F01}.Debug|Any CPU.Build.0 = Debug|Any CPU
		{F6263DE4-9CF5-4AE5-8AD7-2F68AE455F01}.Release|Any CPU.ActiveCfg = Release|Any CPU
		{F6263DE4-9CF5-4AE5-8AD7-2F68AE455F01}.Release|Any CPU.Build.0 = Release|Any CPU
		{E9D02F1D-3D5C-4137-8356-BCD70E1BF438}.Debug|Any CPU.ActiveCfg = Debug|Any CPU
		{E9D02F1D-3D5C-4137-8356-BCD70E1BF438}.Debug|Any CPU.Build.0 = Debug|Any CPU
		{E9D02F1D-3D5C-4137-8356-BCD70E1BF438}.Release|Any CPU.ActiveCfg = Release|Any CPU
		{E9D02F1D-3D5C-4137-8356-BCD70E1BF438}.Release|Any CPU.Build.0 = Release|Any CPU
	EndGlobalSection
	GlobalSection(SolutionProperties) = preSolution
		HideSolutionNode = FALSE
	EndGlobalSection
	GlobalSection(ExtensibilityGlobals) = postSolution
		SolutionGuid = {B153A1EA-9367-457F-A280-83DBB4ED6339}
	EndGlobalSection
EndGlobal
